
Microsoft Visual Studio Solution File, Format Version 12.00
# Visual Studio Version 17
VisualStudioVersion = 17.0.31903.59
MinimumVisualStudioVersion = 10.0.40219.1
Project("{FAE04EC0-301F-11D3-BF4B-00C04F79EFBC}") = "MyCookBookApp", "MyCookBookApp\MyCookBookApp.csproj", "{931A1202-344E-47DD-97A5-FFE896022B54}"
EndProject
Project("{FAE04EC0-301F-11D3-BF4B-00C04F79EFBC}") = "MyCookBookApp.Tests", "MyCookBookApp.Tests\MyCookBookApp.Tests.csproj", "{4572E900-177C-4CB2-9F43-3B536B9CE93B}"
EndProject
Global
	GlobalSection(SolutionConfigurationPlatforms) = preSolution
		Debug|Any CPU = Debug|Any CPU
		Release|Any CPU = Release|Any CPU
	EndGlobalSection
	GlobalSection(SolutionProperties) = preSolution
		HideSolutionNode = FALSE
	EndGlobalSection
	GlobalSection(ProjectConfigurationPlatforms) = postSolution
		{931A1202-344E-47DD-97A5-FFE896022B54}.Debug|Any CPU.ActiveCfg = Debug|Any CPU
		{931A1202-344E-47DD-97A5-FFE896022B54}.Debug|Any CPU.Build.0 = Debug|Any CPU
		{931A1202-344E-47DD-97A5-FFE896022B54}.Release|Any CPU.ActiveCfg = Release|Any CPU
		{931A1202-344E-47DD-97A5-FFE896022B54}.Release|Any CPU.Build.0 = Release|Any CPU
		{4572E900-177C-4CB2-9F43-3B536B9CE93B}.Debug|Any CPU.ActiveCfg = Debug|Any CPU
		{4572E900-177C-4CB2-9F43-3B536B9CE93B}.Debug|Any CPU.Build.0 = Debug|Any CPU
		{4572E900-177C-4CB2-9F43-3B536B9CE93B}.Release|Any CPU.ActiveCfg = Release|Any CPU
		{4572E900-177C-4CB2-9F43-3B536B9CE93B}.Release|Any CPU.Build.0 = Release|Any CPU
	EndGlobalSection
EndGlobal
